{
  "name": "create-json",
  "version": "1.0.0",
  "lockfileVersion": 1,
  "requires": true,
  "dependencies": {
    "@actions/core": {
      "version": "1.2.5",
      "resolved": "https://registry.npmjs.org/@actions/core/-/core-1.2.5.tgz",
      "integrity": "sha512-mwpoNjHSWWh0IiALdDEQi3tru124JKn0yVNziIBzTME8QRv7thwoghVuT1jBRjFvdtoHsqD58IRHy1nf86paRg=="
    },
    "@vercel/ncc": {
      "version": "0.24.0",
      "resolved": "https://registry.npmjs.org/@vercel/ncc/-/ncc-0.24.0.tgz",
      "integrity": "sha512-crqItMcIwCkvdXY/V3/TzrHJQx6nbIaRqE1cOopJhgGX6izvNov40SmD//nS5flfEvdK54YGjwVVq+zG6crjOg==",
      "dev": true
    }
  }
}
